{
  "object": {
    "pins": [
      {
        "package": "Stores",
        "repositoryURL": "https://github.com/omaralbeik/Stores",
        "state": {
          "branch": null,
          "revision": "b835f7e9edb32163418caa533e1cf9d832b23326",
          "version": "0.4.1"
        }
      }
    ]
  },
  "version": 1
}
